// !$*UTF8*$!
{
	archiveVersion = 1;
	classes = {
	};
	objectVersion = 56;
	objects = {

/* Begin PBXBuildFile section */
		842F67E62A13C54D00596166 /* AppDelegate.swift in Sources */ = {isa = PBXBuildFile; fileRef = 842F67E52A13C54D00596166 /* AppDelegate.swift */; };
		842F67E82A13C54D00596166 /* SceneDelegate.swift in Sources */ = {isa = PBXBuildFile; fileRef = 842F67E72A13C54D00596166 /* SceneDelegate.swift */; };
		842F67EA2A13C54D00596166 /* RMTabBarController.swift in Sources */ = {isa = PBXBuildFile; fileRef = 842F67E92A13C54D00596166 /* RMTabBarController.swift */; };
		842F67EF2A13C54E00596166 /* Assets.xcassets in Resources */ = {isa = PBXBuildFile; fileRef = 842F67EE2A13C54E00596166 /* Assets.xcassets */; };
		842F67F22A13C54E00596166 /* LaunchScreen.storyboard in Resources */ = {isa = PBXBuildFile; fileRef = 842F67F02A13C54E00596166 /* LaunchScreen.storyboard */; };
		842F68012A140E7400596166 /* RMLocation.swift in Sources */ = {isa = PBXBuildFile; fileRef = 842F68002A140E7400596166 /* RMLocation.swift */; };
		842F68032A140E8200596166 /* RMCharacter.swift in Sources */ = {isa = PBXBuildFile; fileRef = 842F68022A140E8200596166 /* RMCharacter.swift */; };
		842F68052A140E9000596166 /* RMEpisode.swift in Sources */ = {isa = PBXBuildFile; fileRef = 842F68042A140E9000596166 /* RMEpisode.swift */; };
		842F68082A140FAE00596166 /* RMCharacterViewController.swift in Sources */ = {isa = PBXBuildFile; fileRef = 842F68072A140FAE00596166 /* RMCharacterViewController.swift */; };
		842F680A2A140FC100596166 /* RMLocationViewController.swift in Sources */ = {isa = PBXBuildFile; fileRef = 842F68092A140FC100596166 /* RMLocationViewController.swift */; };
		842F680C2A140FD100596166 /* RMEpisodeViewController.swift in Sources */ = {isa = PBXBuildFile; fileRef = 842F680B2A140FD100596166 /* RMEpisodeViewController.swift */; };
		842F680E2A140FE000596166 /* RMSettingsViewController.swift in Sources */ = {isa = PBXBuildFile; fileRef = 842F680D2A140FE000596166 /* RMSettingsViewController.swift */; };
/* End PBXBuildFile section */

/* Begin PBXFileReference section */
		842F67E22A13C54D00596166 /* TheRickAndMorty.app */ = {isa = PBXFileReference; explicitFileType = wrapper.application; includeInIndex = 0; path = TheRickAndMorty.app; sourceTree = BUILT_PRODUCTS_DIR; };
		842F67E52A13C54D00596166 /* AppDelegate.swift */ = {isa = PBXFileReference; lastKnownFileType = sourcecode.swift; path = AppDelegate.swift; sourceTree = "<group>"; };
		842F67E72A13C54D00596166 /* SceneDelegate.swift */ = {isa = PBXFileReference; lastKnownFileType = sourcecode.swift; path = SceneDelegate.swift; sourceTree = "<group>"; };
		842F67E92A13C54D00596166 /* RMTabBarController.swift */ = {isa = PBXFileReference; lastKnownFileType = sourcecode.swift; path = RMTabBarController.swift; sourceTree = "<group>"; };
		842F67EE2A13C54E00596166 /* Assets.xcassets */ = {isa = PBXFileReference; lastKnownFileType = folder.assetcatalog; path = Assets.xcassets; sourceTree = "<group>"; };
		842F67F12A13C54E00596166 /* Base */ = {isa = PBXFileReference; lastKnownFileType = file.storyboard; name = Base; path = Base.lproj/LaunchScreen.storyboard; sourceTree = "<group>"; };
		842F67F32A13C54E00596166 /* Info.plist */ = {isa = PBXFileReference; lastKnownFileType = text.plist.xml; path = Info.plist; sourceTree = "<group>"; };
		842F68002A140E7400596166 /* RMLocation.swift */ = {isa = PBXFileReference; lastKnownFileType = sourcecode.swift; path = RMLocation.swift; sourceTree = "<group>"; };
		842F68022A140E8200596166 /* RMCharacter.swift */ = {isa = PBXFileReference; lastKnownFileType = sourcecode.swift; path = RMCharacter.swift; sourceTree = "<group>"; };
		842F68042A140E9000596166 /* RMEpisode.swift */ = {isa = PBXFileReference; lastKnownFileType = sourcecode.swift; path = RMEpisode.swift; sourceTree = "<group>"; };
		842F68072A140FAE00596166 /* RMCharacterViewController.swift */ = {isa = PBXFileReference; lastKnownFileType = sourcecode.swift; path = RMCharacterViewController.swift; sourceTree = "<group>"; };
		842F68092A140FC100596166 /* RMLocationViewController.swift */ = {isa = PBXFileReference; lastKnownFileType = sourcecode.swift; path = RMLocationViewController.swift; sourceTree = "<group>"; };
		842F680B2A140FD100596166 /* RMEpisodeViewController.swift */ = {isa = PBXFileReference; lastKnownFileType = sourcecode.swift; path = RMEpisodeViewController.swift; sourceTree = "<group>"; };
		842F680D2A140FE000596166 /* RMSettingsViewController.swift */ = {isa = PBXFileReference; lastKnownFileType = sourcecode.swift; path = RMSettingsViewController.swift; sourceTree = "<group>"; };
/* End PBXFileReference section */

/* Begin PBXFrameworksBuildPhase section */
		842F67DF2A13C54D00596166 /* Frameworks */ = {
			isa = PBXFrameworksBuildPhase;
			buildActionMask = 2147483647;
			files = (
			);
			runOnlyForDeploymentPostprocessing = 0;
		};
/* End PBXFrameworksBuildPhase section */

/* Begin PBXGroup section */
		842F67D92A13C54D00596166 = {
			isa = PBXGroup;
			children = (
				842F67E42A13C54D00596166 /* TheRickAndMorty */,
				842F67E32A13C54D00596166 /* Products */,
			);
			sourceTree = "<group>";
		};
		842F67E32A13C54D00596166 /* Products */ = {
			isa = PBXGroup;
			children = (
				842F67E22A13C54D00596166 /* TheRickAndMorty.app */,
			);
			name = Products;
			sourceTree = "<group>";
		};
		842F67E42A13C54D00596166 /* TheRickAndMorty */ = {
			isa = PBXGroup;
			children = (
				842F67F92A140D4500596166 /* Resources */,
				842F67FA2A140D6500596166 /* Managers */,
				842F67FB2A140D8000596166 /* APIClient */,
				842F67FD2A140DA300596166 /* ViewModels */,
				842F67FC2A140D9300596166 /* Views */,
				842F67FE2A140DB700596166 /* Models */,
				842F67FF2A140DC300596166 /* Controllers */,
				842F67F32A13C54E00596166 /* Info.plist */,
			);
			path = TheRickAndMorty;
			sourceTree = "<group>";
		};
		842F67F92A140D4500596166 /* Resources */ = {
			isa = PBXGroup;
			children = (
				842F67E52A13C54D00596166 /* AppDelegate.swift */,
				842F67E72A13C54D00596166 /* SceneDelegate.swift */,
				842F67EE2A13C54E00596166 /* Assets.xcassets */,
				842F67F02A13C54E00596166 /* LaunchScreen.storyboard */,
			);
			path = Resources;
			sourceTree = "<group>";
		};
		842F67FA2A140D6500596166 /* Managers */ = {
			isa = PBXGroup;
			children = (
			);
			path = Managers;
			sourceTree = "<group>";
		};
		842F67FB2A140D8000596166 /* APIClient */ = {
			isa = PBXGroup;
			children = (
			);
			path = APIClient;
			sourceTree = "<group>";
		};
		842F67FC2A140D9300596166 /* Views */ = {
			isa = PBXGroup;
			children = (
			);
			path = Views;
			sourceTree = "<group>";
		};
		842F67FD2A140DA300596166 /* ViewModels */ = {
			isa = PBXGroup;
			children = (
			);
			path = ViewModels;
			sourceTree = "<group>";
		};
		842F67FE2A140DB700596166 /* Models */ = {
			isa = PBXGroup;
			children = (
				842F68002A140E7400596166 /* RMLocation.swift */,
				842F68022A140E8200596166 /* RMCharacter.swift */,
				842F68042A140E9000596166 /* RMEpisode.swift */,
			);
			path = Models;
			sourceTree = "<group>";
		};
		842F67FF2A140DC300596166 /* Controllers */ = {
			isa = PBXGroup;
			children = (
				842F68062A140F7C00596166 /* Core */,
			);
			name = Controllers;
			sourceTree = "<group>";
		};
		842F68062A140F7C00596166 /* Core */ = {
			isa = PBXGroup;
			children = (
				842F67E92A13C54D00596166 /* RMTabBarController.swift */,
				842F68072A140FAE00596166 /* RMCharacterViewController.swift */,
				842F68092A140FC100596166 /* RMLocationViewController.swift */,
				842F680B2A140FD100596166 /* RMEpisodeViewController.swift */,
				842F680D2A140FE000596166 /* RMSettingsViewController.swift */,
			);
			name = Core;
			sourceTree = "<group>";
		};
/* End PBXGroup section */

/* Begin PBXNativeTarget section */
		842F67E12A13C54D00596166 /* TheRickAndMorty */ = {
			isa = PBXNativeTarget;
			buildConfigurationList = 842F67F62A13C54E00596166 /* Build configuration list for PBXNativeTarget "TheRickAndMorty" */;
			buildPhases = (
				842F67DE2A13C54D00596166 /* Sources */,
				842F67DF2A13C54D00596166 /* Frameworks */,
				842F67E02A13C54D00596166 /* Resources */,
			);
			buildRules = (
			);
			dependencies = (
			);
			name = TheRickAndMorty;
			productName = TheRickAndMorty;
			productReference = 842F67E22A13C54D00596166 /* TheRickAndMorty.app */;
			productType = "com.apple.product-type.application";
		};
/* End PBXNativeTarget section */

/* Begin PBXProject section */
		842F67DA2A13C54D00596166 /* Project object */ = {
			isa = PBXProject;
			attributes = {
				BuildIndependentTargetsInParallel = 1;
				LastSwiftUpdateCheck = 1430;
				LastUpgradeCheck = 1430;
				TargetAttributes = {
					842F67E12A13C54D00596166 = {
						CreatedOnToolsVersion = 14.3;
					};
				};
			};
			buildConfigurationList = 842F67DD2A13C54D00596166 /* Build configuration list for PBXProject "TheRickAndMorty" */;
			compatibilityVersion = "Xcode 14.0";
			developmentRegion = en;
			hasScannedForEncodings = 0;
			knownRegions = (
				en,
				Base,
			);
			mainGroup = 842F67D92A13C54D00596166;
			productRefGroup = 842F67E32A13C54D00596166 /* Products */;
			projectDirPath = "";
			projectRoot = "";
			targets = (
				842F67E12A13C54D00596166 /* TheRickAndMorty */,
			);
		};
/* End PBXProject section */

/* Begin PBXResourcesBuildPhase section */
		842F67E02A13C54D00596166 /* Resources */ = {
			isa = PBXResourcesBuildPhase;
			buildActionMask = 2147483647;
			files = (
				842F67F22A13C54E00596166 /* LaunchScreen.storyboard in Resources */,
				842F67EF2A13C54E00596166 /* Assets.xcassets in Resources */,
			);
			runOnlyForDeploymentPostprocessing = 0;
		};
/* End PBXResourcesBuildPhase section */

/* Begin PBXSourcesBuildPhase section */
		842F67DE2A13C54D00596166 /* Sources */ = {
			isa = PBXSourcesBuildPhase;
			buildActionMask = 2147483647;
			files = (
				842F680A2A140FC100596166 /* RMLocationViewController.swift in Sources */,
				842F68052A140E9000596166 /* RMEpisode.swift in Sources */,
				842F67EA2A13C54D00596166 /* RMTabBarController.swift in Sources */,
				842F680C2A140FD100596166 /* RMEpisodeViewController.swift in Sources */,
				842F680E2A140FE000596166 /* RMSettingsViewController.swift in Sources */,
				842F67E62A13C54D00596166 /* AppDelegate.swift in Sources */,
				842F67E82A13C54D00596166 /* SceneDelegate.swift in Sources */,
				842F68012A140E7400596166 /* RMLocation.swift in Sources */,
				842F68032A140E8200596166 /* RMCharacter.swift in Sources */,
				842F68082A140FAE00596166 /* RMCharacterViewController.swift in Sources */,
			);
			runOnlyForDeploymentPostprocessing = 0;
		};
/* End PBXSourcesBuildPhase section */

/* Begin PBXVariantGroup section */
		842F67F02A13C54E00596166 /* LaunchScreen.storyboard */ = {
			isa = PBXVariantGroup;
			children = (
				842F67F12A13C54E00596166 /* Base */,
			);
			name = LaunchScreen.storyboard;
			sourceTree = "<group>";
		};
/* End PBXVariantGroup section */

/* Begin XCBuildConfiguration section */
		842F67F42A13C54E00596166 /* Debug */ = {
			isa = XCBuildConfiguration;
			buildSettings = {
				ALWAYS_SEARCH_USER_PATHS = NO;
				CLANG_ANALYZER_NONNULL = YES;
				CLANG_ANALYZER_NUMBER_OBJECT_CONVERSION = YES_AGGRESSIVE;
				CLANG_CXX_LANGUAGE_STANDARD = "gnu++20";
				CLANG_ENABLE_MODULES = YES;
				CLANG_ENABLE_OBJC_ARC = YES;
				CLANG_ENABLE_OBJC_WEAK = YES;
				CLANG_WARN_BLOCK_CAPTURE_AUTORELEASING = YES;
				CLANG_WARN_BOOL_CONVERSION = YES;
				CLANG_WARN_COMMA = YES;
				CLANG_WARN_CONSTANT_CONVERSION = YES;
				CLANG_WARN_DEPRECATED_OBJC_IMPLEMENTATIONS = YES;
				CLANG_WARN_DIRECT_OBJC_ISA_USAGE = YES_ERROR;
				CLANG_WARN_DOCUMENTATION_COMMENTS = YES;
				CLANG_WARN_EMPTY_BODY = YES;
				CLANG_WARN_ENUM_CONVERSION = YES;
				CLANG_WARN_INFINITE_RECURSION = YES;
				CLANG_WARN_INT_CONVERSION = YES;
				CLANG_WARN_NON_LITERAL_NULL_CONVERSION = YES;
				CLANG_WARN_OBJC_IMPLICIT_RETAIN_SELF = YES;
				CLANG_WARN_OBJC_LITERAL_CONVERSION = YES;
				CLANG_WARN_OBJC_ROOT_CLASS = YES_ERROR;
				CLANG_WARN_QUOTED_INCLUDE_IN_FRAMEWORK_HEADER = YES;
				CLANG_WARN_RANGE_LOOP_ANALYSIS = YES;
				CLANG_WARN_STRICT_PROTOTYPES = YES;
				CLANG_WARN_SUSPICIOUS_MOVE = YES;
				CLANG_WARN_UNGUARDED_AVAILABILITY = YES_AGGRESSIVE;
				CLANG_WARN_UNREACHABLE_CODE = YES;
				CLANG_WARN__DUPLICATE_METHOD_MATCH = YES;
				COPY_PHASE_STRIP = NO;
				DEBUG_INFORMATION_FORMAT = dwarf;
				ENABLE_STRICT_OBJC_MSGSEND = YES;
				ENABLE_TESTABILITY = YES;
				GCC_C_LANGUAGE_STANDARD = gnu11;
				GCC_DYNAMIC_NO_PIC = NO;
				GCC_NO_COMMON_BLOCKS = YES;
				GCC_OPTIMIZATION_LEVEL = 0;
				GCC_PREPROCESSOR_DEFINITIONS = (
					"DEBUG=1",
					"$(inherited)",
				);
				GCC_WARN_64_TO_32_BIT_CONVERSION = YES;
				GCC_WARN_ABOUT_RETURN_TYPE = YES_ERROR;
				GCC_WARN_UNDECLARED_SELECTOR = YES;
				GCC_WARN_UNINITIALIZED_AUTOS = YES_AGGRESSIVE;
				GCC_WARN_UNUSED_FUNCTION = YES;
				GCC_WARN_UNUSED_VARIABLE = YES;
				IPHONEOS_DEPLOYMENT_TARGET = 16.4;
				MTL_ENABLE_DEBUG_INFO = INCLUDE_SOURCE;
				MTL_FAST_MATH = YES;
				ONLY_ACTIVE_ARCH = YES;
				SDKROOT = iphoneos;
				SWIFT_ACTIVE_COMPILATION_CONDITIONS = DEBUG;
				SWIFT_OPTIMIZATION_LEVEL = "-Onone";
			};
			name = Debug;
		};
		842F67F52A13C54E00596166 /* Release */ = {
			isa = XCBuildConfiguration;
			buildSettings = {
				ALWAYS_SEARCH_USER_PATHS = NO;
				CLANG_ANALYZER_NONNULL = YES;
				CLANG_ANALYZER_NUMBER_OBJECT_CONVERSION = YES_AGGRESSIVE;
				CLANG_CXX_LANGUAGE_STANDARD = "gnu++20";
				CLANG_ENABLE_MODULES = YES;
				CLANG_ENABLE_OBJC_ARC = YES;
				CLANG_ENABLE_OBJC_WEAK = YES;
				CLANG_WARN_BLOCK_CAPTURE_AUTORELEASING = YES;
				CLANG_WARN_BOOL_CONVERSION = YES;
				CLANG_WARN_COMMA = YES;
				CLANG_WARN_CONSTANT_CONVERSION = YES;
				CLANG_WARN_DEPRECATED_OBJC_IMPLEMENTATIONS = YES;
				CLANG_WARN_DIRECT_OBJC_ISA_USAGE = YES_ERROR;
				CLANG_WARN_DOCUMENTATION_COMMENTS = YES;
				CLANG_WARN_EMPTY_BODY = YES;
				CLANG_WARN_ENUM_CONVERSION = YES;
				CLANG_WARN_INFINITE_RECURSION = YES;
				CLANG_WARN_INT_CONVERSION = YES;
				CLANG_WARN_NON_LITERAL_NULL_CONVERSION = YES;
				CLANG_WARN_OBJC_IMPLICIT_RETAIN_SELF = YES;
				CLANG_WARN_OBJC_LITERAL_CONVERSION = YES;
				CLANG_WARN_OBJC_ROOT_CLASS = YES_ERROR;
				CLANG_WARN_QUOTED_INCLUDE_IN_FRAMEWORK_HEADER = YES;
				CLANG_WARN_RANGE_LOOP_ANALYSIS = YES;
				CLANG_WARN_STRICT_PROTOTYPES = YES;
				CLANG_WARN_SUSPICIOUS_MOVE = YES;
				CLANG_WARN_UNGUARDED_AVAILABILITY = YES_AGGRESSIVE;
				CLANG_WARN_UNREACHABLE_CODE = YES;
				CLANG_WARN__DUPLICATE_METHOD_MATCH = YES;
				COPY_PHASE_STRIP = NO;
				DEBUG_INFORMATION_FORMAT = "dwarf-with-dsym";
				ENABLE_NS_ASSERTIONS = NO;
				ENABLE_STRICT_OBJC_MSGSEND = YES;
				GCC_C_LANGUAGE_STANDARD = gnu11;
				GCC_NO_COMMON_BLOCKS = YES;
				GCC_WARN_64_TO_32_BIT_CONVERSION = YES;
				GCC_WARN_ABOUT_RETURN_TYPE = YES_ERROR;
				GCC_WARN_UNDECLARED_SELECTOR = YES;
				GCC_WARN_UNINITIALIZED_AUTOS = YES_AGGRESSIVE;
				GCC_WARN_UNUSED_FUNCTION = YES;
				GCC_WARN_UNUSED_VARIABLE = YES;
				IPHONEOS_DEPLOYMENT_TARGET = 16.4;
				MTL_ENABLE_DEBUG_INFO = NO;
				MTL_FAST_MATH = YES;
				SDKROOT = iphoneos;
				SWIFT_COMPILATION_MODE = wholemodule;
				SWIFT_OPTIMIZATION_LEVEL = "-O";
				VALIDATE_PRODUCT = YES;
			};
			name = Release;
		};
		842F67F72A13C54E00596166 /* Debug */ = {
			isa = XCBuildConfiguration;
			buildSettings = {
				ASSETCATALOG_COMPILER_APPICON_NAME = AppIcon;
				ASSETCATALOG_COMPILER_GLOBAL_ACCENT_COLOR_NAME = AccentColor;
				CODE_SIGN_STYLE = Automatic;
				CURRENT_PROJECT_VERSION = 1;
				DEVELOPMENT_TEAM = 9Y94J8V38R;
				GENERATE_INFOPLIST_FILE = YES;
				INFOPLIST_FILE = TheRickAndMorty/Info.plist;
				INFOPLIST_KEY_UIApplicationSupportsIndirectInputEvents = YES;
				INFOPLIST_KEY_UILaunchStoryboardName = LaunchScreen;
				INFOPLIST_KEY_UISupportedInterfaceOrientations_iPad = "UIInterfaceOrientationPortrait UIInterfaceOrientationPortraitUpsideDown UIInterfaceOrientationLandscapeLeft UIInterfaceOrientationLandscapeRight";
				INFOPLIST_KEY_UISupportedInterfaceOrientations_iPhone = "UIInterfaceOrientationPortrait UIInterfaceOrientationLandscapeLeft UIInterfaceOrientationLandscapeRight";
				LD_RUNPATH_SEARCH_PATHS = (
					"$(inherited)",
					"@executable_path/Frameworks",
				);
				MARKETING_VERSION = 1.0;
				PRODUCT_BUNDLE_IDENTIFIER = myProject.TheRickAndMorty;
				PRODUCT_NAME = "$(TARGET_NAME)";
				SWIFT_EMIT_LOC_STRINGS = YES;
				SWIFT_VERSION = 5.0;
				TARGETED_DEVICE_FAMILY = "1,2";
			};
			name = Debug;
		};
		842F67F82A13C54E00596166 /* Release */ = {
			isa = XCBuildConfiguration;
			buildSettings = {
				ASSETCATALOG_COMPILER_APPICON_NAME = AppIcon;
				ASSETCATALOG_COMPILER_GLOBAL_ACCENT_COLOR_NAME = AccentColor;
				CODE_SIGN_STYLE = Automatic;
				CURRENT_PROJECT_VERSION = 1;
				DEVELOPMENT_TEAM = 9Y94J8V38R;
				GENERATE_INFOPLIST_FILE = YES;
				INFOPLIST_FILE = TheRickAndMorty/Info.plist;
				INFOPLIST_KEY_UIApplicationSupportsIndirectInputEvents = YES;
				INFOPLIST_KEY_UILaunchStoryboardName = LaunchScreen;
				INFOPLIST_KEY_UISupportedInterfaceOrientations_iPad = "UIInterfaceOrientationPortrait UIInterfaceOrientationPortraitUpsideDown UIInterfaceOrientationLandscapeLeft UIInterfaceOrientationLandscapeRight";
				INFOPLIST_KEY_UISupportedInterfaceOrientations_iPhone = "UIInterfaceOrientationPortrait UIInterfaceOrientationLandscapeLeft UIInterfaceOrientationLandscapeRight";
				LD_RUNPATH_SEARCH_PATHS = (
					"$(inherited)",
					"@executable_path/Frameworks",
				);
				MARKETING_VERSION = 1.0;
				PRODUCT_BUNDLE_IDENTIFIER = myProject.TheRickAndMorty;
				PRODUCT_NAME = "$(TARGET_NAME)";
				SWIFT_EMIT_LOC_STRINGS = YES;
				SWIFT_VERSION = 5.0;
				TARGETED_DEVICE_FAMILY = "1,2";
			};
			name = Release;
		};
/* End XCBuildConfiguration section */

/* Begin XCConfigurationList section */
		842F67DD2A13C54D00596166 /* Build configuration list for PBXProject "TheRickAndMorty" */ = {
			isa = XCConfigurationList;
			buildConfigurations = (
				842F67F42A13C54E00596166 /* Debug */,
				842F67F52A13C54E00596166 /* Release */,
			);
			defaultConfigurationIsVisible = 0;
			defaultConfigurationName = Release;
		};
		842F67F62A13C54E00596166 /* Build configuration list for PBXNativeTarget "TheRickAndMorty" */ = {
			isa = XCConfigurationList;
			buildConfigurations = (
				842F67F72A13C54E00596166 /* Debug */,
				842F67F82A13C54E00596166 /* Release */,
			);
			defaultConfigurationIsVisible = 0;
			defaultConfigurationName = Release;
		};
/* End XCConfigurationList section */
	};
	rootObject = 842F67DA2A13C54D00596166 /* Project object */;
}
